
Microsoft Visual Studio Solution File, Format Version 12.00
# Visual Studio 14
VisualStudioVersion = 14.0.25420.1
MinimumVisualStudioVersion = 10.0.40219.1
Project("{8BC9CEB8-8B4A-11D0-8D11-00A0C91BC942}") = "EventSend", "C++\EventSend\EventSend.vcxproj", "{BAB42C56-C29D-4459-BD8F-630CDCFA05E4}"
EndProject
Project("{8BC9CEB8-8B4A-11D0-8D11-00A0C91BC942}") = "EventSendJNI", "JNI\EventSendJNI\EventSendJNI.vcxproj", "{9244C9DC-45C0-49FD-882F-154C7B33A274}"
EndProject
Project("{8BC9CEB8-8B4A-11D0-8D11-00A0C91BC942}") = "EventSendBridge", "CLR\EventSendBridge\EventSendBridge.vcxproj", "{4976616A-7BC9-4F57-A491-D494499BF85C}"
EndProject
Global
	GlobalSection(SolutionConfigurationPlatforms) = preSolution
		Debug|Any CPU = Debug|Any CPU
		Debug|x64 = Debug|x64
		Debug|x86 = Debug|x86
		Release|Any CPU = Release|Any CPU
		Release|x64 = Release|x64
		Release|x86 = Release|x86
	EndGlobalSection
	GlobalSection(ProjectConfigurationPlatforms) = postSolution
		{BAB42C56-C29D-4459-BD8F-630CDCFA05E4}.Debug|Any CPU.ActiveCfg = Debug|Win32
		{BAB42C56-C29D-4459-BD8F-630CDCFA05E4}.Debug|x64.ActiveCfg = Debug|x64
		{BAB42C56-C29D-4459-BD8F-630CDCFA05E4}.Debug|x64.Build.0 = Debug|x64
		{BAB42C56-C29D-4459-BD8F-630CDCFA05E4}.Debug|x86.ActiveCfg = Debug|Win32
		{BAB42C56-C29D-4459-BD8F-630CDCFA05E4}.Debug|x86.Build.0 = Debug|Win32
		{BAB42C56-C29D-4459-BD8F-630CDCFA05E4}.Release|Any CPU.ActiveCfg = Release|Win32
		{BAB42C56-C29D-4459-BD8F-630CDCFA05E4}.Release|x64.ActiveCfg = Release|x64
		{BAB42C56-C29D-4459-BD8F-630CDCFA05E4}.Release|x64.Build.0 = Release|x64
		{BAB42C56-C29D-4459-BD8F-630CDCFA05E4}.Release|x86.ActiveCfg = Release|Win32
		{BAB42C56-C29D-4459-BD8F-630CDCFA05E4}.Release|x86.Build.0 = Release|Win32
		{9244C9DC-45C0-49FD-882F-154C7B33A274}.Debug|Any CPU.ActiveCfg = Debug|Win32
		{9244C9DC-45C0-49FD-882F-154C7B33A274}.Debug|x64.ActiveCfg = Debug|x64
		{9244C9DC-45C0-49FD-882F-154C7B33A274}.Debug|x64.Build.0 = Debug|x64
		{9244C9DC-45C0-49FD-882F-154C7B33A274}.Debug|x86.ActiveCfg = Debug|Win32
		{9244C9DC-45C0-49FD-882F-154C7B33A274}.Debug|x86.Build.0 = Debug|Win32
		{9244C9DC-45C0-49FD-882F-154C7B33A274}.Release|Any CPU.ActiveCfg = Release|Win32
		{9244C9DC-45C0-49FD-882F-154C7B33A274}.Release|x64.ActiveCfg = Release|x64
		{9244C9DC-45C0-49FD-882F-154C7B33A274}.Release|x64.Build.0 = Release|x64
		{9244C9DC-45C0-49FD-882F-154C7B33A274}.Release|x86.ActiveCfg = Release|Win32
		{9244C9DC-45C0-49FD-882F-154C7B33A274}.Release|x86.Build.0 = Release|Win32
		{4976616A-7BC9-4F57-A491-D494499BF85C}.Debug|Any CPU.ActiveCfg = Debug|Win32
		{4976616A-7BC9-4F57-A491-D494499BF85C}.Debug|x64.ActiveCfg = Debug|x64
		{4976616A-7BC9-4F57-A491-D494499BF85C}.Debug|x64.Build.0 = Debug|x64
		{4976616A-7BC9-4F57-A491-D494499BF85C}.Debug|x86.ActiveCfg = Debug|Win32
		{4976616A-7BC9-4F57-A491-D494499BF85C}.Debug|x86.Build.0 = Debug|Win32
		{4976616A-7BC9-4F57-A491-D494499BF85C}.Release|Any CPU.ActiveCfg = Release|Win32
		{4976616A-7BC9-4F57-A491-D494499BF85C}.Release|x64.ActiveCfg = Release|x64
		{4976616A-7BC9-4F57-A491-D494499BF85C}.Release|x64.Build.0 = Release|x64
		{4976616A-7BC9-4F57-A491-D494499BF85C}.Release|x86.ActiveCfg = Release|Win32
		{4976616A-7BC9-4F57-A491-D494499BF85C}.Release|x86.Build.0 = Release|Win32
	EndGlobalSection
	GlobalSection(SolutionProperties) = preSolution
		HideSolutionNode = FALSE
	EndGlobalSection
EndGlobal
